// !$*UTF8*$!
{
	archiveVersion = 1;
	classes = {
	};
	objectVersion = 50;
	objects = {

/* Begin PBXAggregateTarget section */
		B93BC5B4226E5DBC00BB32B7 /* JABPlanetaryHourFramework */ = {
			isa = PBXAggregateTarget;
			buildConfigurationList = B93BC5B5226E5DBC00BB32B7 /* Build configuration list for PBXAggregateTarget "JABPlanetaryHourFramework" */;
			buildPhases = (
			);
			dependencies = (
			);
			name = JABPlanetaryHourFramework;
			productName = JABPlanetaryHourFramework;
		};
/* End PBXAggregateTarget section */

/* Begin PBXContainerItemProxy section */
		B93BC4AB226E479C00BB32B7 /* PBXContainerItemProxy */ = {
			isa = PBXContainerItemProxy;
			containerPortal = B93BC4A7226E479B00BB32B7 /* JABPlanetaryHourCocoaTouchFramework.xcodeproj */;
			proxyType = 2;
			remoteGlobalIDString = B93BC49C226E479B00BB32B7;
			remoteInfo = JABPlanetaryHourCocoaTouchFramework;
		};
		B93BC4E1226E483100BB32B7 /* PBXContainerItemProxy */ = {
			isa = PBXContainerItemProxy;
			containerPortal = B93BC4DD226E483000BB32B7 /* JABPlanetaryHourWatchFramework.xcodeproj */;
			proxyType = 2;
			remoteGlobalIDString = B93BC4D2226E483000BB32B7;
			remoteInfo = JABPlanetaryHourWatchFramework;
		};
/* End PBXContainerItemProxy section */

/* Begin PBXFileReference section */
		B93BC4A7226E479B00BB32B7 /* JABPlanetaryHourCocoaTouchFramework.xcodeproj */ = {isa = PBXFileReference; lastKnownFileType = "wrapper.pb-project"; name = JABPlanetaryHourCocoaTouchFramework.xcodeproj; path = JABPlanetaryHourCocoaTouchFramework/JABPlanetaryHourCocoaTouchFramework.xcodeproj; sourceTree = "<group>"; };
		B93BC4DD226E483000BB32B7 /* JABPlanetaryHourWatchFramework.xcodeproj */ = {isa = PBXFileReference; lastKnownFileType = "wrapper.pb-project"; name = JABPlanetaryHourWatchFramework.xcodeproj; path = JABPlanetaryHourWatchFramework/JABPlanetaryHourWatchFramework.xcodeproj; sourceTree = "<group>"; };
		B93BC59C226E5A4B00BB32B7 /* PlanetaryHourDataSource.h */ = {isa = PBXFileReference; lastKnownFileType = sourcecode.c.h; path = PlanetaryHourDataSource.h; sourceTree = "<group>"; wrapsLines = 0; };
		B93BC5A2226E5AD800BB32B7 /* PlanetaryHourDataSource.m */ = {isa = PBXFileReference; lastKnownFileType = sourcecode.c.objc; path = PlanetaryHourDataSource.m; sourceTree = "<group>"; wrapsLines = 0; };
		B95CAB84229B3AD100F43576 /* SolarCalculator.metal */ = {isa = PBXFileReference; lastKnownFileType = sourcecode.metal; path = SolarCalculator.metal; sourceTree = "<group>"; };
		B9C04C4D229B0CBA002F4DAB /* PlanetaryHourGPUCalculator.h */ = {isa = PBXFileReference; lastKnownFileType = sourcecode.c.h; path = PlanetaryHourGPUCalculator.h; sourceTree = "<group>"; };
		B9C04C4E229B0CBA002F4DAB /* PlanetaryHourGPUCalculator.m */ = {isa = PBXFileReference; lastKnownFileType = sourcecode.c.objc; path = PlanetaryHourGPUCalculator.m; sourceTree = "<group>"; wrapsLines = 0; };
		B9C04C55229B0D59002F4DAB /* JulianDayNumberFromDate.metal */ = {isa = PBXFileReference; lastKnownFileType = sourcecode.metal; path = JulianDayNumberFromDate.metal; sourceTree = "<group>"; wrapsLines = 0; };
		B9C04C58229B119B002F4DAB /* DateFromJulianDayNumber.metal */ = {isa = PBXFileReference; lastKnownFileType = sourcecode.metal; path = DateFromJulianDayNumber.metal; sourceTree = "<group>"; };
/* End PBXFileReference section */

/* Begin PBXGroup section */
		B93BC487226E470F00BB32B7 = {
			isa = PBXGroup;
			children = (
				B93BC594226E58F600BB32B7 /* Shared */,
				B93BC4A7226E479B00BB32B7 /* JABPlanetaryHourCocoaTouchFramework.xcodeproj */,
				B93BC4DD226E483000BB32B7 /* JABPlanetaryHourWatchFramework.xcodeproj */,
			);
			sourceTree = "<group>";
		};
		B93BC4A8226E479B00BB32B7 /* Products */ = {
			isa = PBXGroup;
			children = (
				B93BC4AC226E479C00BB32B7 /* JABPlanetaryHourCocoaTouchFramework.framework */,
			);
			name = Products;
			sourceTree = "<group>";
		};
		B93BC4DE226E483000BB32B7 /* Products */ = {
			isa = PBXGroup;
			children = (
				B93BC4E2226E483100BB32B7 /* JABPlanetaryHourWatchFramework.framework */,
			);
			name = Products;
			sourceTree = "<group>";
		};
		B93BC594226E58F600BB32B7 /* Shared */ = {
			isa = PBXGroup;
			children = (
				B93BC59C226E5A4B00BB32B7 /* PlanetaryHourDataSource.h */,
				B93BC5A2226E5AD800BB32B7 /* PlanetaryHourDataSource.m */,
				B9C04C4D229B0CBA002F4DAB /* PlanetaryHourGPUCalculator.h */,
				B9C04C4E229B0CBA002F4DAB /* PlanetaryHourGPUCalculator.m */,
				B9C04C55229B0D59002F4DAB /* JulianDayNumberFromDate.metal */,
				B9C04C58229B119B002F4DAB /* DateFromJulianDayNumber.metal */,
				B95CAB84229B3AD100F43576 /* SolarCalculator.metal */,
			);
			path = Shared;
			sourceTree = "<group>";
		};
/* End PBXGroup section */

/* Begin PBXProject section */
		B93BC488226E470F00BB32B7 /* Project object */ = {
			isa = PBXProject;
			attributes = {
				LastUpgradeCheck = 1100;
				TargetAttributes = {
					B93BC5B4226E5DBC00BB32B7 = {
						CreatedOnToolsVersion = 10.2;
					};
				};
			};
			buildConfigurationList = B93BC48B226E470F00BB32B7 /* Build configuration list for PBXProject "JABPlanetaryHourFrameworks" */;
			compatibilityVersion = "Xcode 9.3";
			developmentRegion = en;
			hasScannedForEncodings = 0;
			knownRegions = (
				en,
				Base,
			);
			mainGroup = B93BC487226E470F00BB32B7;
			projectDirPath = "";
			projectReferences = (
				{
					ProductGroup = B93BC4A8226E479B00BB32B7 /* Products */;
					ProjectRef = B93BC4A7226E479B00BB32B7 /* JABPlanetaryHourCocoaTouchFramework.xcodeproj */;
				},
				{
					ProductGroup = B93BC4DE226E483000BB32B7 /* Products */;
					ProjectRef = B93BC4DD226E483000BB32B7 /* JABPlanetaryHourWatchFramework.xcodeproj */;
				},
			);
			projectRoot = "";
			targets = (
				B93BC5B4226E5DBC00BB32B7 /* JABPlanetaryHourFramework */,
			);
		};
/* End PBXProject section */

/* Begin PBXReferenceProxy section */
		B93BC4AC226E479C00BB32B7 /* JABPlanetaryHourCocoaTouchFramework.framework */ = {
			isa = PBXReferenceProxy;
			fileType = wrapper.framework;
			path = JABPlanetaryHourCocoaTouchFramework.framework;
			remoteRef = B93BC4AB226E479C00BB32B7 /* PBXContainerItemProxy */;
			sourceTree = BUILT_PRODUCTS_DIR;
		};
		B93BC4E2226E483100BB32B7 /* JABPlanetaryHourWatchFramework.framework */ = {
			isa = PBXReferenceProxy;
			fileType = wrapper.framework;
			path = JABPlanetaryHourWatchFramework.framework;
			remoteRef = B93BC4E1226E483100BB32B7 /* PBXContainerItemProxy */;
			sourceTree = BUILT_PRODUCTS_DIR;
		};
/* End PBXReferenceProxy section */

/* Begin XCBuildConfiguration section */
		B93BC48C226E470F00BB32B7 /* Debug */ = {
			isa = XCBuildConfiguration;
			buildSettings = {
				CLANG_WARN_BLOCK_CAPTURE_AUTORELEASING = YES;
				CLANG_WARN_BOOL_CONVERSION = YES;
				CLANG_WARN_COMMA = YES;
				CLANG_WARN_CONSTANT_CONVERSION = YES;
				CLANG_WARN_DEPRECATED_OBJC_IMPLEMENTATIONS = YES;
				CLANG_WARN_EMPTY_BODY = YES;
				CLANG_WARN_ENUM_CONVERSION = YES;
				CLANG_WARN_INFINITE_RECURSION = YES;
				CLANG_WARN_INT_CONVERSION = YES;
				CLANG_WARN_NON_LITERAL_NULL_CONVERSION = YES;
				CLANG_WARN_OBJC_IMPLICIT_RETAIN_SELF = YES;
				CLANG_WARN_OBJC_LITERAL_CONVERSION = YES;
				CLANG_WARN_RANGE_LOOP_ANALYSIS = YES;
				CLANG_WARN_STRICT_PROTOTYPES = YES;
				CLANG_WARN_SUSPICIOUS_MOVE = YES;
				CLANG_WARN_UNREACHABLE_CODE = YES;
				CLANG_WARN__DUPLICATE_METHOD_MATCH = YES;
				ENABLE_STRICT_OBJC_MSGSEND = YES;
				ENABLE_TESTABILITY = YES;
				GCC_NO_COMMON_BLOCKS = YES;
				GCC_WARN_64_TO_32_BIT_CONVERSION = YES;
				GCC_WARN_ABOUT_RETURN_TYPE = YES;
				GCC_WARN_UNDECLARED_SELECTOR = YES;
				GCC_WARN_UNINITIALIZED_AUTOS = YES;
				GCC_WARN_UNUSED_FUNCTION = YES;
				GCC_WARN_UNUSED_VARIABLE = YES;
				ONLY_ACTIVE_ARCH = YES;
			};
			name = Debug;
		};
		B93BC48D226E470F00BB32B7 /* Release */ = {
			isa = XCBuildConfiguration;
			buildSettings = {
				CLANG_WARN_BLOCK_CAPTURE_AUTORELEASING = YES;
				CLANG_WARN_BOOL_CONVERSION = YES;
				CLANG_WARN_COMMA = YES;
				CLANG_WARN_CONSTANT_CONVERSION = YES;
				CLANG_WARN_DEPRECATED_OBJC_IMPLEMENTATIONS = YES;
				CLANG_WARN_EMPTY_BODY = YES;
				CLANG_WARN_ENUM_CONVERSION = YES;
				CLANG_WARN_INFINITE_RECURSION = YES;
				CLANG_WARN_INT_CONVERSION = YES;
				CLANG_WARN_NON_LITERAL_NULL_CONVERSION = YES;
				CLANG_WARN_OBJC_IMPLICIT_RETAIN_SELF = YES;
				CLANG_WARN_OBJC_LITERAL_CONVERSION = YES;
				CLANG_WARN_RANGE_LOOP_ANALYSIS = YES;
				CLANG_WARN_STRICT_PROTOTYPES = YES;
				CLANG_WARN_SUSPICIOUS_MOVE = YES;
				CLANG_WARN_UNREACHABLE_CODE = YES;
				CLANG_WARN__DUPLICATE_METHOD_MATCH = YES;
				ENABLE_STRICT_OBJC_MSGSEND = YES;
				GCC_NO_COMMON_BLOCKS = YES;
				GCC_WARN_64_TO_32_BIT_CONVERSION = YES;
				GCC_WARN_ABOUT_RETURN_TYPE = YES;
				GCC_WARN_UNDECLARED_SELECTOR = YES;
				GCC_WARN_UNINITIALIZED_AUTOS = YES;
				GCC_WARN_UNUSED_FUNCTION = YES;
				GCC_WARN_UNUSED_VARIABLE = YES;
			};
			name = Release;
		};
		B93BC5B6226E5DBC00BB32B7 /* Debug */ = {
			isa = XCBuildConfiguration;
			buildSettings = {
				CLANG_ENABLE_OBJC_WEAK = YES;
				CODE_SIGN_STYLE = Automatic;
				DEVELOPMENT_TEAM = N9987K9442;
				PRODUCT_NAME = "$(TARGET_NAME)";
			};
			name = Debug;
		};
		B93BC5B7226E5DBC00BB32B7 /* Release */ = {
			isa = XCBuildConfiguration;
			buildSettings = {
				CLANG_ENABLE_OBJC_WEAK = YES;
				CODE_SIGN_STYLE = Automatic;
				DEVELOPMENT_TEAM = N9987K9442;
				PRODUCT_NAME = "$(TARGET_NAME)";
			};
			name = Release;
		};
/* End XCBuildConfiguration section */

/* Begin XCConfigurationList section */
		B93BC48B226E470F00BB32B7 /* Build configuration list for PBXProject "JABPlanetaryHourFrameworks" */ = {
			isa = XCConfigurationList;
			buildConfigurations = (
				B93BC48C226E470F00BB32B7 /* Debug */,
				B93BC48D226E470F00BB32B7 /* Release */,
			);
			defaultConfigurationIsVisible = 0;
			defaultConfigurationName = Release;
		};
		B93BC5B5226E5DBC00BB32B7 /* Build configuration list for PBXAggregateTarget "JABPlanetaryHourFramework" */ = {
			isa = XCConfigurationList;
			buildConfigurations = (
				B93BC5B6226E5DBC00BB32B7 /* Debug */,
				B93BC5B7226E5DBC00BB32B7 /* Release */,
			);
			defaultConfigurationIsVisible = 0;
			defaultConfigurationName = Release;
		};
/* End XCConfigurationList section */
	};
	rootObject = B93BC488226E470F00BB32B7 /* Project object */;
}
